// !$*UTF8*$!
{
	archiveVersion = 1;
	classes = {
	};
	objectVersion = 48;
	objects = {

/* Begin PBXBuildFile section */
		8D6864DB1FD30F8D00185214 /* Constants.swift in Sources */ = {isa = PBXBuildFile; fileRef = 8D6864DA1FD30F8D00185214 /* Constants.swift */; };
		8D965C2C1FCCA1DB00048A2B /* AppDelegate.swift in Sources */ = {isa = PBXBuildFile; fileRef = 8D965C2B1FCCA1DB00048A2B /* AppDelegate.swift */; };
		8D965C2E1FCCA1DB00048A2B /* ViewController.swift in Sources */ = {isa = PBXBuildFile; fileRef = 8D965C2D1FCCA1DB00048A2B /* ViewController.swift */; };
		8D965C311FCCA1DB00048A2B /* Main.storyboard in Resources */ = {isa = PBXBuildFile; fileRef = 8D965C2F1FCCA1DB00048A2B /* Main.storyboard */; };
		8D965C331FCCA1DB00048A2B /* Assets.xcassets in Resources */ = {isa = PBXBuildFile; fileRef = 8D965C321FCCA1DB00048A2B /* Assets.xcassets */; };
		8D965C361FCCA1DB00048A2B /* LaunchScreen.storyboard in Resources */ = {isa = PBXBuildFile; fileRef = 8D965C341FCCA1DB00048A2B /* LaunchScreen.storyboard */; };
		8D965C421FCCD13B00048A2B /* CalculatorBrain.swift in Sources */ = {isa = PBXBuildFile; fileRef = 8D965C411FCCD13B00048A2B /* CalculatorBrain.swift */; };
/* End PBXBuildFile section */

/* Begin PBXFileReference section */
		8D6864DA1FD30F8D00185214 /* Constants.swift */ = {isa = PBXFileReference; lastKnownFileType = sourcecode.swift; path = Constants.swift; sourceTree = "<group>"; };
		8D965C281FCCA1DB00048A2B /* Calculator2.0.app */ = {isa = PBXFileReference; explicitFileType = wrapper.application; includeInIndex = 0; path = Calculator2.0.app; sourceTree = BUILT_PRODUCTS_DIR; };
		8D965C2B1FCCA1DB00048A2B /* AppDelegate.swift */ = {isa = PBXFileReference; lastKnownFileType = sourcecode.swift; path = AppDelegate.swift; sourceTree = "<group>"; };
		8D965C2D1FCCA1DB00048A2B /* ViewController.swift */ = {isa = PBXFileReference; lastKnownFileType = sourcecode.swift; path = ViewController.swift; sourceTree = "<group>"; };
		8D965C301FCCA1DB00048A2B /* Base */ = {isa = PBXFileReference; lastKnownFileType = file.storyboard; name = Base; path = Base.lproj/Main.storyboard; sourceTree = "<group>"; };
		8D965C321FCCA1DB00048A2B /* Assets.xcassets */ = {isa = PBXFileReference; lastKnownFileType = folder.assetcatalog; path = Assets.xcassets; sourceTree = "<group>"; };
		8D965C351FCCA1DB00048A2B /* Base */ = {isa = PBXFileReference; lastKnownFileType = file.storyboard; name = Base; path = Base.lproj/LaunchScreen.storyboard; sourceTree = "<group>"; };
		8D965C371FCCA1DB00048A2B /* Info.plist */ = {isa = PBXFileReference; lastKnownFileType = text.plist.xml; path = Info.plist; sourceTree = "<group>"; };
		8D965C411FCCD13B00048A2B /* CalculatorBrain.swift */ = {isa = PBXFileReference; lastKnownFileType = sourcecode.swift; path = CalculatorBrain.swift; sourceTree = "<group>"; };
/* End PBXFileReference section */

/* Begin PBXFrameworksBuildPhase section */
		8D965C251FCCA1DB00048A2B /* Frameworks */ = {
			isa = PBXFrameworksBuildPhase;
			buildActionMask = 2147483647;
			files = (
			);
			runOnlyForDeploymentPostprocessing = 0;
		};
/* End PBXFrameworksBuildPhase section */

/* Begin PBXGroup section */
		8D965C1F1FCCA1DB00048A2B = {
			isa = PBXGroup;
			children = (
				8D965C2A1FCCA1DB00048A2B /* Calculator2.0 */,
				8D965C291FCCA1DB00048A2B /* Products */,
			);
			sourceTree = "<group>";
		};
		8D965C291FCCA1DB00048A2B /* Products */ = {
			isa = PBXGroup;
			children = (
				8D965C281FCCA1DB00048A2B /* Calculator2.0.app */,
			);
			name = Products;
			sourceTree = "<group>";
		};
		8D965C2A1FCCA1DB00048A2B /* Calculator2.0 */ = {
			isa = PBXGroup;
			children = (
				8D965C411FCCD13B00048A2B /* CalculatorBrain.swift */,
				8D965C2D1FCCA1DB00048A2B /* ViewController.swift */,
				8D6864DA1FD30F8D00185214 /* Constants.swift */,
				8D965C2F1FCCA1DB00048A2B /* Main.storyboard */,
				8D965C3E1FCCA2BA00048A2B /* Supporting Files */,
			);
			path = Calculator2.0;
			sourceTree = "<group>";
		};
		8D965C3E1FCCA2BA00048A2B /* Supporting Files */ = {
			isa = PBXGroup;
			children = (
				8D965C2B1FCCA1DB00048A2B /* AppDelegate.swift */,
				8D965C321FCCA1DB00048A2B /* Assets.xcassets */,
				8D965C341FCCA1DB00048A2B /* LaunchScreen.storyboard */,
				8D965C371FCCA1DB00048A2B /* Info.plist */,
			);
			name = "Supporting Files";
			sourceTree = "<group>";
		};
/* End PBXGroup section */

/* Begin PBXNativeTarget section */
		8D965C271FCCA1DB00048A2B /* Calculator2.0 */ = {
			isa = PBXNativeTarget;
			buildConfigurationList = 8D965C3A1FCCA1DB00048A2B /* Build configuration list for PBXNativeTarget "Calculator2.0" */;
			buildPhases = (
				8D965C241FCCA1DB00048A2B /* Sources */,
				8D965C251FCCA1DB00048A2B /* Frameworks */,
				8D965C261FCCA1DB00048A2B /* Resources */,
			);
			buildRules = (
			);
			dependencies = (
			);
			name = Calculator2.0;
			productName = Calculator2.0;
			productReference = 8D965C281FCCA1DB00048A2B /* Calculator2.0.app */;
			productType = "com.apple.product-type.application";
		};
/* End PBXNativeTarget section */

/* Begin PBXProject section */
		8D965C201FCCA1DB00048A2B /* Project object */ = {
			isa = PBXProject;
			attributes = {
				LastSwiftUpdateCheck = 0910;
				LastUpgradeCheck = 0910;
				ORGANIZATIONNAME = "FRANZETTI-LAPTOP";
				TargetAttributes = {
					8D965C271FCCA1DB00048A2B = {
						CreatedOnToolsVersion = 9.1;
						ProvisioningStyle = Automatic;
					};
				};
			};
			buildConfigurationList = 8D965C231FCCA1DB00048A2B /* Build configuration list for PBXProject "Calculator2.0" */;
			compatibilityVersion = "Xcode 8.0";
			developmentRegion = en;
			hasScannedForEncodings = 0;
			knownRegions = (
				en,
				Base,
			);
			mainGroup = 8D965C1F1FCCA1DB00048A2B;
			productRefGroup = 8D965C291FCCA1DB00048A2B /* Products */;
			projectDirPath = "";
			projectRoot = "";
			targets = (
				8D965C271FCCA1DB00048A2B /* Calculator2.0 */,
			);
		};
/* End PBXProject section */

/* Begin PBXResourcesBuildPhase section */
		8D965C261FCCA1DB00048A2B /* Resources */ = {
			isa = PBXResourcesBuildPhase;
			buildActionMask = 2147483647;
			files = (
				8D965C361FCCA1DB00048A2B /* LaunchScreen.storyboard in Resources */,
				8D965C331FCCA1DB00048A2B /* Assets.xcassets in Resources */,
				8D965C311FCCA1DB00048A2B /* Main.storyboard in Resources */,
			);
			runOnlyForDeploymentPostprocessing = 0;
		};
/* End PBXResourcesBuildPhase section */

/* Begin PBXSourcesBuildPhase section */
		8D965C241FCCA1DB00048A2B /* Sources */ = {
			isa = PBXSourcesBuildPhase;
			buildActionMask = 2147483647;
			files = (
				8D965C421FCCD13B00048A2B /* CalculatorBrain.swift in Sources */,
				8D965C2E1FCCA1DB00048A2B /* ViewController.swift in Sources */,
				8D965C2C1FCCA1DB00048A2B /* AppDelegate.swift in Sources */,
				8D6864DB1FD30F8D00185214 /* Constants.swift in Sources */,
			);
			runOnlyForDeploymentPostprocessing = 0;
		};
/* End PBXSourcesBuildPhase section */

/* Begin PBXVariantGroup section */
		8D965C2F1FCCA1DB00048A2B /* Main.storyboard */ = {
			isa = PBXVariantGroup;
			children = (
				8D965C301FCCA1DB00048A2B /* Base */,
			);
			name = Main.storyboard;
			sourceTree = "<group>";
		};
		8D965C341FCCA1DB00048A2B /* LaunchScreen.storyboard */ = {
			isa = PBXVariantGroup;
			children = (
				8D965C351FCCA1DB00048A2B /* Base */,
			);
			name = LaunchScreen.storyboard;
			sourceTree = "<group>";
		};
/* End PBXVariantGroup section */

/* Begin XCBuildConfiguration section */
		8D965C381FCCA1DB00048A2B /* Debug */ = {
			isa = XCBuildConfiguration;
			buildSettings = {
				ALWAYS_SEARCH_USER_PATHS = NO;
				CLANG_ANALYZER_NONNULL = YES;
				CLANG_ANALYZER_NUMBER_OBJECT_CONVERSION = YES_AGGRESSIVE;
				CLANG_CXX_LANGUAGE_STANDARD = "gnu++14";
				CLANG_CXX_LIBRARY = "libc++";
				CLANG_ENABLE_MODULES = YES;
				CLANG_ENABLE_OBJC_ARC = YES;
				CLANG_WARN_BLOCK_CAPTURE_AUTORELEASING = YES;
				CLANG_WARN_BOOL_CONVERSION = YES;
				CLANG_WARN_COMMA = YES;
				CLANG_WARN_CONSTANT_CONVERSION = YES;
				CLANG_WARN_DIRECT_OBJC_ISA_USAGE = YES_ERROR;
				CLANG_WARN_DOCUMENTATION_COMMENTS = YES;
				CLANG_WARN_EMPTY_BODY = YES;
				CLANG_WARN_ENUM_CONVERSION = YES;
				CLANG_WARN_INFINITE_RECURSION = YES;
				CLANG_WARN_INT_CONVERSION = YES;
				CLANG_WARN_NON_LITERAL_NULL_CONVERSION = YES;
				CLANG_WARN_OBJC_LITERAL_CONVERSION = YES;
				CLANG_WARN_OBJC_ROOT_CLASS = YES_ERROR;
				CLANG_WARN_RANGE_LOOP_ANALYSIS = YES;
				CLANG_WARN_STRICT_PROTOTYPES = YES;
				CLANG_WARN_SUSPICIOUS_MOVE = YES;
				CLANG_WARN_UNGUARDED_AVAILABILITY = YES_AGGRESSIVE;
				CLANG_WARN_UNREACHABLE_CODE = YES;
				CLANG_WARN__DUPLICATE_METHOD_MATCH = YES;
				CODE_SIGN_IDENTITY = "iPhone Developer";
				COPY_PHASE_STRIP = NO;
				DEBUG_INFORMATION_FORMAT = dwarf;
				ENABLE_STRICT_OBJC_MSGSEND = YES;
				ENABLE_TESTABILITY = YES;
				GCC_C_LANGUAGE_STANDARD = gnu11;
				GCC_DYNAMIC_NO_PIC = NO;
				GCC_NO_COMMON_BLOCKS = YES;
				GCC_OPTIMIZATION_LEVEL = 0;
				GCC_PREPROCESSOR_DEFINITIONS = (
					"DEBUG=1",
					"$(inherited)",
				);
				GCC_WARN_64_TO_32_BIT_CONVERSION = YES;
				GCC_WARN_ABOUT_RETURN_TYPE = YES_ERROR;
				GCC_WARN_UNDECLARED_SELECTOR = YES;
				GCC_WARN_UNINITIALIZED_AUTOS = YES_AGGRESSIVE;
				GCC_WARN_UNUSED_FUNCTION = YES;
				GCC_WARN_UNUSED_VARIABLE = YES;
				IPHONEOS_DEPLOYMENT_TARGET = 11.1;
				MTL_ENABLE_DEBUG_INFO = YES;
				ONLY_ACTIVE_ARCH = YES;
				SDKROOT = iphoneos;
				SWIFT_ACTIVE_COMPILATION_CONDITIONS = DEBUG;
				SWIFT_OPTIMIZATION_LEVEL = "-Onone";
			};
			name = Debug;
		};
		8D965C391FCCA1DB00048A2B /* Release */ = {
			isa = XCBuildConfiguration;
			buildSettings = {
				ALWAYS_SEARCH_USER_PATHS = NO;
				CLANG_ANALYZER_NONNULL = YES;
				CLANG_ANALYZER_NUMBER_OBJECT_CONVERSION = YES_AGGRESSIVE;
				CLANG_CXX_LANGUAGE_STANDARD = "gnu++14";
				CLANG_CXX_LIBRARY = "libc++";
				CLANG_ENABLE_MODULES = YES;
				CLANG_ENABLE_OBJC_ARC = YES;
				CLANG_WARN_BLOCK_CAPTURE_AUTORELEASING = YES;
				CLANG_WARN_BOOL_CONVERSION = YES;
				CLANG_WARN_COMMA = YES;
				CLANG_WARN_CONSTANT_CONVERSION = YES;
				CLANG_WARN_DIRECT_OBJC_ISA_USAGE = YES_ERROR;
				CLANG_WARN_DOCUMENTATION_COMMENTS = YES;
				CLANG_WARN_EMPTY_BODY = YES;
				CLANG_WARN_ENUM_CONVERSION = YES;
				CLANG_WARN_INFINITE_RECURSION = YES;
				CLANG_WARN_INT_CONVERSION = YES;
				CLANG_WARN_NON_LITERAL_NULL_CONVERSION = YES;
				CLANG_WARN_OBJC_LITERAL_CONVERSION = YES;
				CLANG_WARN_OBJC_ROOT_CLASS = YES_ERROR;
				CLANG_WARN_RANGE_LOOP_ANALYSIS = YES;
				CLANG_WARN_STRICT_PROTOTYPES = YES;
				CLANG_WARN_SUSPICIOUS_MOVE = YES;
				CLANG_WARN_UNGUARDED_AVAILABILITY = YES_AGGRESSIVE;
				CLANG_WARN_UNREACHABLE_CODE = YES;
				CLANG_WARN__DUPLICATE_METHOD_MATCH = YES;
				CODE_SIGN_IDENTITY = "iPhone Developer";
				COPY_PHASE_STRIP = NO;
				DEBUG_INFORMATION_FORMAT = "dwarf-with-dsym";
				ENABLE_NS_ASSERTIONS = NO;
				ENABLE_STRICT_OBJC_MSGSEND = YES;
				GCC_C_LANGUAGE_STANDARD = gnu11;
				GCC_NO_COMMON_BLOCKS = YES;
				GCC_WARN_64_TO_32_BIT_CONVERSION = YES;
				GCC_WARN_ABOUT_RETURN_TYPE = YES_ERROR;
				GCC_WARN_UNDECLARED_SELECTOR = YES;
				GCC_WARN_UNINITIALIZED_AUTOS = YES_AGGRESSIVE;
				GCC_WARN_UNUSED_FUNCTION = YES;
				GCC_WARN_UNUSED_VARIABLE = YES;
				IPHONEOS_DEPLOYMENT_TARGET = 11.1;
				MTL_ENABLE_DEBUG_INFO = NO;
				SDKROOT = iphoneos;
				SWIFT_OPTIMIZATION_LEVEL = "-Owholemodule";
				VALIDATE_PRODUCT = YES;
			};
			name = Release;
		};
		8D965C3B1FCCA1DB00048A2B /* Debug */ = {
			isa = XCBuildConfiguration;
			buildSettings = {
				ASSETCATALOG_COMPILER_APPICON_NAME = AppIcon;
				CODE_SIGN_STYLE = Automatic;
				DEVELOPMENT_TEAM = 34CFA7D25X;
				INFOPLIST_FILE = Calculator2.0/Info.plist;
				LD_RUNPATH_SEARCH_PATHS = "$(inherited) @executable_path/Frameworks";
				PRODUCT_BUNDLE_IDENTIFIER = "com.franzetti.achille.Calculator2-0";
				PRODUCT_NAME = "$(TARGET_NAME)";
				SWIFT_VERSION = 4.0;
				TARGETED_DEVICE_FAMILY = "1,2";
			};
			name = Debug;
		};
		8D965C3C1FCCA1DB00048A2B /* Release */ = {
			isa = XCBuildConfiguration;
			buildSettings = {
				ASSETCATALOG_COMPILER_APPICON_NAME = AppIcon;
				CODE_SIGN_STYLE = Automatic;
				DEVELOPMENT_TEAM = 34CFA7D25X;
				INFOPLIST_FILE = Calculator2.0/Info.plist;
				LD_RUNPATH_SEARCH_PATHS = "$(inherited) @executable_path/Frameworks";
				PRODUCT_BUNDLE_IDENTIFIER = "com.franzetti.achille.Calculator2-0";
				PRODUCT_NAME = "$(TARGET_NAME)";
				SWIFT_VERSION = 4.0;
				TARGETED_DEVICE_FAMILY = "1,2";
			};
			name = Release;
		};
/* End XCBuildConfiguration section */

/* Begin XCConfigurationList section */
		8D965C231FCCA1DB00048A2B /* Build configuration list for PBXProject "Calculator2.0" */ = {
			isa = XCConfigurationList;
			buildConfigurations = (
				8D965C381FCCA1DB00048A2B /* Debug */,
				8D965C391FCCA1DB00048A2B /* Release */,
			);
			defaultConfigurationIsVisible = 0;
			defaultConfigurationName = Release;
		};
		8D965C3A1FCCA1DB00048A2B /* Build configuration list for PBXNativeTarget "Calculator2.0" */ = {
			isa = XCConfigurationList;
			buildConfigurations = (
				8D965C3B1FCCA1DB00048A2B /* Debug */,
				8D965C3C1FCCA1DB00048A2B /* Release */,
			);
			defaultConfigurationIsVisible = 0;
			defaultConfigurationName = Release;
		};
/* End XCConfigurationList section */
	};
	rootObject = 8D965C201FCCA1DB00048A2B /* Project object */;
}
